
Microsoft Visual Studio Solution File, Format Version 12.00
# Visual Studio Version 16
VisualStudioVersion = 16.0.29709.97
MinimumVisualStudioVersion = 10.0.40219.1
Project("{9A19103F-16F7-4668-BE54-9A1E7A4F7556}") = "PizzaPortal.Model", "PizzaPortal.Model\PizzaPortal.Model.csproj", "{BE8E8E65-3FA5-4BDC-ABAD-04602720622C}"
EndProject
Project("{9A19103F-16F7-4668-BE54-9A1E7A4F7556}") = "PizzaPortal.WEB", "PizzaPortal.WEB\PizzaPortal.WEB.csproj", "{FB1B2609-C822-48FB-B45E-1AF14A437E41}"
EndProject
Project("{9A19103F-16F7-4668-BE54-9A1E7A4F7556}") = "PizzaPortal.Migrations", "PizzaPortal.Migrations\PizzaPortal.Migrations.csproj", "{4BB34D56-0D75-43E0-81AA-7BFD07B3378E}"
EndProject
Project("{FAE04EC0-301F-11D3-BF4B-00C04F79EFBC}") = "PizzaPortal.DAL", "PizzaPortal.DAL\PizzaPortal.DAL.csproj", "{2363745C-F529-4B7A-B224-BD4C0E5E80CF}"
EndProject
Project("{FAE04EC0-301F-11D3-BF4B-00C04F79EFBC}") = "PizzaPortal.BLL", "PizzaPortal.BLL\PizzaPortal.BLL.csproj", "{2B417DDD-E100-4ED5-8018-EAFF4FFA7E53}"
EndProject
Global
	GlobalSection(SolutionConfigurationPlatforms) = preSolution
		Debug|Any CPU = Debug|Any CPU
		Release|Any CPU = Release|Any CPU
	EndGlobalSection
	GlobalSection(ProjectConfigurationPlatforms) = postSolution
		{BE8E8E65-3FA5-4BDC-ABAD-04602720622C}.Debug|Any CPU.ActiveCfg = Debug|Any CPU
		{BE8E8E65-3FA5-4BDC-ABAD-04602720622C}.Debug|Any CPU.Build.0 = Debug|Any CPU
		{BE8E8E65-3FA5-4BDC-ABAD-04602720622C}.Release|Any CPU.ActiveCfg = Release|Any CPU
		{BE8E8E65-3FA5-4BDC-ABAD-04602720622C}.Release|Any CPU.Build.0 = Release|Any CPU
		{FB1B2609-C822-48FB-B45E-1AF14A437E41}.Debug|Any CPU.ActiveCfg = Debug|Any CPU
		{FB1B2609-C822-48FB-B45E-1AF14A437E41}.Debug|Any CPU.Build.0 = Debug|Any CPU
		{FB1B2609-C822-48FB-B45E-1AF14A437E41}.Release|Any CPU.ActiveCfg = Release|Any CPU
		{FB1B2609-C822-48FB-B45E-1AF14A437E41}.Release|Any CPU.Build.0 = Release|Any CPU
		{4BB34D56-0D75-43E0-81AA-7BFD07B3378E}.Debug|Any CPU.ActiveCfg = Debug|Any CPU
		{4BB34D56-0D75-43E0-81AA-7BFD07B3378E}.Debug|Any CPU.Build.0 = Debug|Any CPU
		{4BB34D56-0D75-43E0-81AA-7BFD07B3378E}.Release|Any CPU.ActiveCfg = Release|Any CPU
		{4BB34D56-0D75-43E0-81AA-7BFD07B3378E}.Release|Any CPU.Build.0 = Release|Any CPU
		{2363745C-F529-4B7A-B224-BD4C0E5E80CF}.Debug|Any CPU.ActiveCfg = Debug|Any CPU
		{2363745C-F529-4B7A-B224-BD4C0E5E80CF}.Debug|Any CPU.Build.0 = Debug|Any CPU
		{2363745C-F529-4B7A-B224-BD4C0E5E80CF}.Release|Any CPU.ActiveCfg = Release|Any CPU
		{2363745C-F529-4B7A-B224-BD4C0E5E80CF}.Release|Any CPU.Build.0 = Release|Any CPU
		{2B417DDD-E100-4ED5-8018-EAFF4FFA7E53}.Debug|Any CPU.ActiveCfg = Debug|Any CPU
		{2B417DDD-E100-4ED5-8018-EAFF4FFA7E53}.Debug|Any CPU.Build.0 = Debug|Any CPU
		{2B417DDD-E100-4ED5-8018-EAFF4FFA7E53}.Release|Any CPU.ActiveCfg = Release|Any CPU
		{2B417DDD-E100-4ED5-8018-EAFF4FFA7E53}.Release|Any CPU.Build.0 = Release|Any CPU
	EndGlobalSection
	GlobalSection(SolutionProperties) = preSolution
		HideSolutionNode = FALSE
	EndGlobalSection
	GlobalSection(ExtensibilityGlobals) = postSolution
		SolutionGuid = {8B70783E-EF56-4F69-9C45-6EB0EF16E573}
	EndGlobalSection
EndGlobal
